{
  "requires": true,
  "lockfileVersion": 1,
  "dependencies": {
    "@jest/types": {
      "version": "26.6.2",
      "resolved": "http://registry.npm.oa.com/@jest/types/download/@jest/types-26.6.2.tgz",
      "integrity": "sha1-vvWlMgMOHYii9abZM/hOlyJu1I4=",
      "requires": {
        "@types/istanbul-lib-coverage": "^2.0.0",
        "@types/istanbul-reports": "^3.0.0",
        "@types/node": "*",
        "@types/yargs": "^15.0.0",
        "chalk": "^4.0.0"
      }
    },
    "@types/istanbul-lib-coverage": {
      "version": "2.0.3",
      "resolved": "http://registry.npm.oa.com/@types/istanbul-lib-coverage/download/@types/istanbul-lib-coverage-2.0.3.tgz",
      "integrity": "sha1-S6jdtyAiH0MuRDvV+RF/0iz9R2I="
    },
    "@types/istanbul-lib-report": {
      "version": "3.0.0",
      "resolved": "http://registry.npm.oa.com/@types/istanbul-lib-report/download/@types/istanbul-lib-report-3.0.0.tgz",
      "integrity": "sha1-wUwk8Y6oGQwRjudWK3/5mjZVJoY=",
      "requires": {
        "@types/istanbul-lib-coverage": "*"
      }
    },
    "@types/istanbul-reports": {
      "version": "3.0.1",
      "resolved": "http://registry.npm.oa.com/@types/istanbul-reports/download/@types/istanbul-reports-3.0.1.tgz",
      "integrity": "sha1-kVP+mLuivVZaY63ZQ21vDX+EaP8=",
      "requires": {
        "@types/istanbul-lib-report": "*"
      }
    },
    "@types/jest": {
      "version": "26.0.23",
      "resolved": "http://registry.npm.oa.com/@types/jest/download/@types/jest-26.0.23.tgz",
      "integrity": "sha1-obfqs8UDuARR0BnvtYjsY1Iu5Oc=",
      "requires": {
        "jest-diff": "^26.0.0",
        "pretty-format": "^26.0.0"
      }
    },
    "@types/node": {
      "version": "16.0.0",
      "resolved": "http://registry.npm.oa.com/@types/node/download/@types/node-16.0.0.tgz",
      "integrity": "sha1-BnpsSdx6XCQSpQVijiaQKulnv28="
    },
    "@types/yargs": {
      "version": "15.0.14",
      "resolved": "http://registry.npm.oa.com/@types/yargs/download/@types/yargs-15.0.14.tgz",
      "integrity": "sha1-Jtgh3biecEkhYLZtEKDrbfj2+wY=",
      "requires": {
        "@types/yargs-parser": "*"
      }
    },
    "@types/yargs-parser": {
      "version": "20.2.1",
      "resolved": "http://registry.npm.oa.com/@types/yargs-parser/download/@types/yargs-parser-20.2.1.tgz",
      "integrity": "sha1-O5ziSJkZ2eT+pDm3aRarw0st8Sk="
    },
    "ajv": {
      "version": "8.6.0",
      "resolved": "http://registry.npm.oa.com/ajv/download/ajv-8.6.0.tgz",
      "integrity": "sha1-YMxF2cRqR32A2SxIB22XLDQuVyA=",
      "requires": {
        "fast-deep-equal": "^3.1.1",
        "json-schema-traverse": "^1.0.0",
        "require-from-string": "^2.0.2",
        "uri-js": "^4.2.2"
      }
    },
    "ajv-errors": {
      "version": "3.0.0",
      "resolved": "http://registry.npm.oa.com/ajv-errors/download/ajv-errors-3.0.0.tgz",
      "integrity": "sha1-5U8pnzo9MP4UQWHl8NjVEZbFJ7w="
    },
    "ajv-formats": {
      "version": "2.1.0",
      "resolved": "http://registry.npm.oa.com/ajv-formats/download/ajv-formats-2.1.0.tgz",
      "integrity": "sha1-lur4PjjTIQi2bYKpywz6JIhs3+s=",
      "requires": {
        "ajv": "^8.0.0"
      }
    },
    "ajv-i18n": {
      "version": "4.0.0",
      "resolved": "http://registry.npm.oa.com/ajv-i18n/download/ajv-i18n-4.0.0.tgz",
      "integrity": "sha1-ewfij9QXgI4Y/MMN8Dp20Wm+k3U="
    },
    "ansi-regex": {
      "version": "5.0.0",
      "resolved": "http://registry.npm.oa.com/ansi-regex/download/ansi-regex-5.0.0.tgz",
      "integrity": "sha1-OIU59VF5vzkznIGvMKZU1p+Hy3U="
    },
    "ansi-styles": {
      "version": "4.3.0",
      "resolved": "http://registry.npm.oa.com/ansi-styles/download/ansi-styles-4.3.0.tgz",
      "integrity": "sha1-7dgDYornHATIWuegkG7a00tkiTc=",
      "requires": {
        "color-convert": "^2.0.1"
      }
    },
    "chalk": {
      "version": "4.1.1",
      "resolved": "http://registry.npm.oa.com/chalk/download/chalk-4.1.1.tgz",
      "integrity": "sha1-yAs/qyi/Y3HmhjMl7uZ+YYt35q0=",
      "requires": {
        "ansi-styles": "^4.1.0",
        "supports-color": "^7.1.0"
      }
    },
    "color-convert": {
      "version": "2.0.1",
      "resolved": "http://registry.npm.oa.com/color-convert/download/color-convert-2.0.1.tgz",
      "integrity": "sha1-ctOmjVmMm9s68q0ehPIdiWq9TeM=",
      "requires": {
        "color-name": "~1.1.4"
      }
    },
    "color-name": {
      "version": "1.1.4",
      "resolved": "http://registry.npm.oa.com/color-name/download/color-name-1.1.4.tgz",
      "integrity": "sha1-wqCah6y95pVD3m9j+jmVyCbFNqI="
    },
    "diff-sequences": {
      "version": "26.6.2",
      "resolved": "http://registry.npm.oa.com/diff-sequences/download/diff-sequences-26.6.2.tgz",
      "integrity": "sha1-SLqZFX3hkjQS7tQdtrbUqpynwLE="
    },
    "fast-deep-equal": {
      "version": "3.1.3",
      "resolved": "http://registry.npm.oa.com/fast-deep-equal/download/fast-deep-equal-3.1.3.tgz",
      "integrity": "sha1-On1WtVnWy8PrUSMlJE5hmmXGxSU="
    },
    "has-flag": {
      "version": "4.0.0",
      "resolved": "http://registry.npm.oa.com/has-flag/download/has-flag-4.0.0.tgz",
      "integrity": "sha1-lEdx/ZyByBJlxNaUGGDaBrtZR5s="
    },
    "jest-diff": {
      "version": "26.6.2",
      "resolved": "http://registry.npm.oa.com/jest-diff/download/jest-diff-26.6.2.tgz",
      "integrity": "sha1-GqdGi1LDpo19XF/c381eSb0WQ5Q=",
      "requires": {
        "chalk": "^4.0.0",
        "diff-sequences": "^26.6.2",
        "jest-get-type": "^26.3.0",
        "pretty-format": "^26.6.2"
      }
    },
    "jest-get-type": {
      "version": "26.3.0",
      "resolved": "http://registry.npm.oa.com/jest-get-type/download/jest-get-type-26.3.0.tgz",
      "integrity": "sha1-6X3Dw/U8K0Bsp6+u1Ek7HQmRmeA="
    },
    "json-schema-traverse": {
      "version": "1.0.0",
      "resolved": "http://registry.npm.oa.com/json-schema-traverse/download/json-schema-traverse-1.0.0.tgz",
      "integrity": "sha1-rnvLNlard6c7pcSb9lTzjmtoYOI="
    },
    "monaco-editor": {
      "version": "0.27.0",
      "resolved": "http://registry.npm.oa.com/monaco-editor/download/monaco-editor-0.27.0.tgz",
      "integrity": "sha1-S2kQi7HcH2AXTF3N9RvFMGq1uiY="
    },
    "pretty-format": {
      "version": "26.6.2",
      "resolved": "http://registry.npm.oa.com/pretty-format/download/pretty-format-26.6.2.tgz",
      "integrity": "sha1-41wnBfFMt/4v6U+geDRbREEg/JM=",
      "requires": {
        "@jest/types": "^26.6.2",
        "ansi-regex": "^5.0.0",
        "ansi-styles": "^4.0.0",
        "react-is": "^17.0.1"
      }
    },
    "punycode": {
      "version": "2.1.1",
      "resolved": "http://registry.npm.oa.com/punycode/download/punycode-2.1.1.tgz",
      "integrity": "sha1-tYsBCsQMIsVldhbI0sLALHv0eew="
    },
    "react-is": {
      "version": "17.0.2",
      "resolved": "http://registry.npm.oa.com/react-is/download/react-is-17.0.2.tgz",
      "integrity": "sha1-5pHUqOnHiTZWVVOas3J2Kw77VPA="
    },
    "require-from-string": {
      "version": "2.0.2",
      "resolved": "http://registry.npm.oa.com/require-from-string/download/require-from-string-2.0.2.tgz",
      "integrity": "sha1-iaf92TgmEmcxjq/hT5wy5ZjDaQk="
    },
    "supports-color": {
      "version": "7.2.0",
      "resolved": "http://registry.npm.oa.com/supports-color/download/supports-color-7.2.0.tgz",
      "integrity": "sha1-G33NyzK4E4gBs+R4umpRyqiWSNo=",
      "requires": {
        "has-flag": "^4.0.0"
      }
    },
    "tiny-warning": {
      "version": "1.0.3",
      "resolved": "http://registry.npm.oa.com/tiny-warning/download/tiny-warning-1.0.3.tgz",
      "integrity": "sha1-lKMNtFPfTGQ9D9VmBg1gqHXYR1Q="
    },
    "uri-js": {
      "version": "4.4.1",
      "resolved": "http://registry.npm.oa.com/uri-js/download/uri-js-4.4.1.tgz",
      "integrity": "sha1-mxpSWVIlhZ5V9mnZKPiMbFfyp34=",
      "requires": {
        "punycode": "^2.1.0"
      }
    },
    "vue-jss": {
      "version": "0.0.4",
      "resolved": "https://registry.npmjs.org/vue-jss/-/vue-jss-0.0.4.tgz",
      "integrity": "sha512-IYjpBQZWCMm1onJSVP18Y/in2zln4ctuwDTBOsgvAPfNzL14aW7S7YPehGpgisxg+VbCzVsGjGlcZmrsz+xzTA==",
      "requires": {
        "@types/jest": "^26.0.7",
        "tiny-warning": "^1.0.3"
      }
    }
  }
}
